<Solution>
  <Folder Name="/Solution Items/">
    <File Path="../.gitattributes" />
    <File Path="../.gitignore" />
    <File Path=".editorconfig" />
    <File Path="Directory.Packages.props" />
  </Folder>
  <Folder Name="/samples/">
    <Project Path="samples/Yuniko.Software.Qwen3Tokenizer.Sample/Yuniko.Software.Qwen3Tokenizer.Sample.csproj" />
  </Folder>
  <Folder Name="/src/">
    <Project Path="src/Yuniko.Software.Qwen3Tokenizer/Yuniko.Software.Qwen3Tokenizer.csproj" />
  </Folder>
  <Folder Name="/tests/">
    <Project Path="tests/Yuniko.Software.Qwen3Tokenizer.Tests/Yuniko.Software.Qwen3Tokenizer.Tests.csproj" />
  </Folder>
</Solution>
